
Microsoft Visual Studio Solution File, Format Version 12.00
# Visual Studio 15
Project("{FAE04EC0-301F-11D3-BF4B-00C04F79EFBC}") = "task02-sort-array", "task02-sort-array\task02-sort-array.csproj", "{5183BD40-C13A-4A8F-AA12-5EB31F4D7565}"
EndProject
Global
	GlobalSection(SolutionConfigurationPlatforms) = preSolution
		Debug|anycpu = Debug|anycpu
		Release|anycpu = Release|anycpu
	EndGlobalSection
	GlobalSection(ProjectConfigurationPlatforms) = postSolution
		{5183BD40-C13A-4A8F-AA12-5EB31F4D7565}.Debug|anycpu.ActiveCfg = Debug|anycpu
		{5183BD40-C13A-4A8F-AA12-5EB31F4D7565}.Debug|anycpu.Build.0 = Debug|anycpu
		{5183BD40-C13A-4A8F-AA12-5EB31F4D7565}.Release|anycpu.ActiveCfg = Release|anycpu
		{5183BD40-C13A-4A8F-AA12-5EB31F4D7565}.Release|anycpu.Build.0 = Release|anycpu
	EndGlobalSection
EndGlobal
